
Microsoft Visual Studio Solution File, Format Version 12.00
# Visual Studio Version 17
VisualStudioVersion = 17.5.33414.496
MinimumVisualStudioVersion = 10.0.40219.1
Project("{FAE04EC0-301F-11D3-BF4B-00C04F79EFBC}") = "MyAppRazor", "MyAppRazor.csproj", "{6DE7F8BB-4311-4861-82A9-EF04138F04D5}"
EndProject
Global
	GlobalSection(SolutionConfigurationPlatforms) = preSolution
		Debug|Any CPU = Debug|Any CPU
		Release|Any CPU = Release|Any CPU
	EndGlobalSection
	GlobalSection(ProjectConfigurationPlatforms) = postSolution
		{6DE7F8BB-4311-4861-82A9-EF04138F04D5}.Debug|Any CPU.ActiveCfg = Debug|Any CPU
		{6DE7F8BB-4311-4861-82A9-EF04138F04D5}.Debug|Any CPU.Build.0 = Debug|Any CPU
		{6DE7F8BB-4311-4861-82A9-EF04138F04D5}.Release|Any CPU.ActiveCfg = Release|Any CPU
		{6DE7F8BB-4311-4861-82A9-EF04138F04D5}.Release|Any CPU.Build.0 = Release|Any CPU
	EndGlobalSection
	GlobalSection(SolutionProperties) = preSolution
		HideSolutionNode = FALSE
	EndGlobalSection
	GlobalSection(ExtensibilityGlobals) = postSolution
		SolutionGuid = {CB5345C4-4854-4C16-9D4A-A026F3E4F8F6}
	EndGlobalSection
EndGlobal
